lockfileVersion: '9.0'

settings:
  autoInstallPeers: true
  excludeLinksFromLockfile: false

importers:

  .:
    dependencies:
      '@supercharge/promise-pool':
        specifier: ^3.2.0
        version: 3.2.0
      '@types/cli-progress':
        specifier: ^3.11.6
        version: 3.11.6
      '@unkey/api':
        specifier: ^0.26.2
        version: 0.26.2
      cli-progress:
        specifier: ^3.12.0
        version: 3.12.0
      dotenv:
        specifier: ^16.4.5
        version: 16.4.5
    devDependencies:
      '@types/node':
        specifier: ^22.7.8
        version: 22.7.8

packages:

  '@supercharge/promise-pool@3.2.0':
    resolution: {integrity: sha512-pj0cAALblTZBPtMltWOlZTQSLT07jIaFNeM8TWoJD1cQMgDB9mcMlVMoetiB35OzNJpqQ2b+QEtwiR9f20mADg==}
    engines: {node: '>=8'}

  '@types/cli-progress@3.11.6':
    resolution: {integrity: sha512-cE3+jb9WRlu+uOSAugewNpITJDt1VF8dHOopPO4IABFc3SXYL5WE/+PTz/FCdZRRfIujiWW3n3aMbv1eIGVRWA==}

  '@types/node@22.7.8':
    resolution: {integrity: sha512-a922jJy31vqR5sk+kAdIENJjHblqcZ4RmERviFsER4WJcEONqxKcjNOlk0q7OUfrF5sddT+vng070cdfMlrPLg==}

  '@unkey/api@0.26.2':
    resolution: {integrity: sha512-huHF5AbX1NL2MJHSfsO1mB9CSA1CgTlgdPUGZgYCll3BOCKRneYiZ2GgYGiWFbtYaUimjaZgHyGnH9fpQlDFjA==}

  '@unkey/error@0.2.0':
    resolution: {integrity: sha512-DFGb4A7SrusZPP0FYuRIF0CO+Gi4etLUAEJ6EKc+TKYmscL0nEJ2Pr38FyX9MvjI4Wx5l35Wc9KsBjMm9Ybh7w==}

  '@unkey/rbac@0.3.1':
    resolution: {integrity: sha512-Hj+52XRIlBBl3/qOUq9K71Fwy3PWExBQOpOClVYHdrcmbgqNL6L4EdW/BzliLhqPCdwZTPVSJTnZ3Hw4ZYixsQ==}

  ansi-regex@5.0.1:
    resolution: {integrity: sha512-quJQXlTSUGL2LH9SUXo8VwsY4soanhgo6LNSm84E1LBcE8s3O0wpdiRzyR9z/ZZJMlMWv37qOOb9pdJlMUEKFQ==}
    engines: {node: '>=8'}

  cli-progress@3.12.0:
    resolution: {integrity: sha512-tRkV3HJ1ASwm19THiiLIXLO7Im7wlTuKnvkYaTkyoAPefqjNg7W7DHKUlGRxy9vxDvbyCYQkQozvptuMkGCg8A==}
    engines: {node: '>=4'}

  dotenv@16.4.5:
    resolution: {integrity: sha512-ZmdL2rui+eB2YwhsWzjInR8LldtZHGDoQ1ugH85ppHKwpUHL7j7rN0Ti9NCnGiQbhaZ11FpR+7ao1dNsmduNUg==}
    engines: {node: '>=12'}

  emoji-regex@8.0.0:
    resolution: {integrity: sha512-MSjYzcWNOA0ewAHpz0MxpYFvwg6yjy1NG3xteoqz644VCo/RPgnr1/GGt+ic3iJTzQ8Eu3TdM14SawnVUmGE6A==}

  is-fullwidth-code-point@3.0.0:
    resolution: {integrity: sha512-zymm5+u+sCsSWyD9qNaejV3DFvhCKclKdizYaJUuHA83RLjb7nSuGnddCHGv0hk+KY7BMAlsWeK4Ueg6EV6XQg==}
    engines: {node: '>=8'}

  string-width@4.2.3:
    resolution: {integrity: sha512-wKyQRQpjJ0sIp62ErSZdGsjMJWsap5oRNihHhu6G7JVO/9jIB6UyevL+tXuOqrng8j/cxKTWyWUwvSTriiZz/g==}
    engines: {node: '>=8'}

  strip-ansi@6.0.1:
    resolution: {integrity: sha512-Y38VPSHcqkFrCpFnQ9vuSXmquuv5oXOKpGeT6aGrr3o3Gc9AlVa6JBfUSOCnbxGGZF+/0ooI7KrPuUSztUdU5A==}
    engines: {node: '>=8'}

  undici-types@6.19.8:
    resolution: {integrity: sha512-ve2KP6f/JnbPBFyobGHuerC9g1FYGn/F8n1LWTwNxCEzd6IfqTwUQcNXgEtmmQ6DlRrC1hrSrBnCZPokRrDHjw==}

  zod@3.23.8:
    resolution: {integrity: sha512-XBx9AXhXktjUqnepgTiE5flcKIYWi/rme0Eaj+5Y0lftuGBq+jyRu/md4WnuxqgP1ubdpNCsYEYPxrzVHD8d6g==}

snapshots:

  '@supercharge/promise-pool@3.2.0': {}

  '@types/cli-progress@3.11.6':
    dependencies:
      '@types/node': 22.7.8

  '@types/node@22.7.8':
    dependencies:
      undici-types: 6.19.8

  '@unkey/api@0.26.2':
    dependencies:
      '@unkey/rbac': 0.3.1

  '@unkey/error@0.2.0':
    dependencies:
      zod: 3.23.8

  '@unkey/rbac@0.3.1':
    dependencies:
      '@unkey/error': 0.2.0
      zod: 3.23.8

  ansi-regex@5.0.1: {}

  cli-progress@3.12.0:
    dependencies:
      string-width: 4.2.3

  dotenv@16.4.5: {}

  emoji-regex@8.0.0: {}

  is-fullwidth-code-point@3.0.0: {}

  string-width@4.2.3:
    dependencies:
      emoji-regex: 8.0.0
      is-fullwidth-code-point: 3.0.0
      strip-ansi: 6.0.1

  strip-ansi@6.0.1:
    dependencies:
      ansi-regex: 5.0.1

  undici-types@6.19.8: {}

  zod@3.23.8: {}
